
Microsoft Visual Studio Solution File, Format Version 12.00
# Visual Studio Version 16
VisualStudioVersion = 16.0.32002.261
MinimumVisualStudioVersion = 10.0.40219.1
Project("{2150E333-8FDC-42A3-9474-1A3956D46DE8}") = "src", "src", "{29525861-EB55-4849-8F4F-C88A0F729893}"
EndProject
Project("{2150E333-8FDC-42A3-9474-1A3956D46DE8}") = "test", "test", "{9F229DD3-259A-48D3-9FAD-C59DB7370523}"
EndProject
Project("{9A19103F-16F7-4668-BE54-9A1E7A4F7556}") = "Weelo.API", "src\Weelo.API\Weelo.API.csproj", "{3B7AF828-2E99-4082-AF7F-B4309FC49BEC}"
EndProject
Project("{9A19103F-16F7-4668-BE54-9A1E7A4F7556}") = "Weelo.Core", "src\Weelo.Core\Weelo.Core.csproj", "{6477B383-922D-409A-8A98-43DE137F6FD4}"
EndProject
Project("{9A19103F-16F7-4668-BE54-9A1E7A4F7556}") = "Weelo.Infrastructure", "src\Weelo.Infrastructure\Weelo.Infrastructure.csproj", "{14A598B8-6F21-4876-BCEF-FC3B73B3E292}"
EndProject
Project("{9A19103F-16F7-4668-BE54-9A1E7A4F7556}") = "Weelo.UnitTests", "test\Weelo.UnitTests\Weelo.UnitTests.csproj", "{9A3B7551-344D-43B1-981D-C895A4AC0B52}"
EndProject
Project("{00D1A9C2-B5F0-4AF3-8072-F6C62B433612}") = "Weelo.Sql", "src\Weelo.sql\Weelo.Sql.sqlproj", "{4C02AE7D-695A-40DC-8394-0241560A5482}"
EndProject
Global
	GlobalSection(SolutionConfigurationPlatforms) = preSolution
		Debug|Any CPU = Debug|Any CPU
		Release|Any CPU = Release|Any CPU
	EndGlobalSection
	GlobalSection(ProjectConfigurationPlatforms) = postSolution
		{3B7AF828-2E99-4082-AF7F-B4309FC49BEC}.Debug|Any CPU.ActiveCfg = Debug|Any CPU
		{3B7AF828-2E99-4082-AF7F-B4309FC49BEC}.Debug|Any CPU.Build.0 = Debug|Any CPU
		{3B7AF828-2E99-4082-AF7F-B4309FC49BEC}.Release|Any CPU.ActiveCfg = Release|Any CPU
		{3B7AF828-2E99-4082-AF7F-B4309FC49BEC}.Release|Any CPU.Build.0 = Release|Any CPU
		{6477B383-922D-409A-8A98-43DE137F6FD4}.Debug|Any CPU.ActiveCfg = Debug|Any CPU
		{6477B383-922D-409A-8A98-43DE137F6FD4}.Debug|Any CPU.Build.0 = Debug|Any CPU
		{6477B383-922D-409A-8A98-43DE137F6FD4}.Release|Any CPU.ActiveCfg = Release|Any CPU
		{6477B383-922D-409A-8A98-43DE137F6FD4}.Release|Any CPU.Build.0 = Release|Any CPU
		{14A598B8-6F21-4876-BCEF-FC3B73B3E292}.Debug|Any CPU.ActiveCfg = Debug|Any CPU
		{14A598B8-6F21-4876-BCEF-FC3B73B3E292}.Debug|Any CPU.Build.0 = Debug|Any CPU
		{14A598B8-6F21-4876-BCEF-FC3B73B3E292}.Release|Any CPU.ActiveCfg = Release|Any CPU
		{14A598B8-6F21-4876-BCEF-FC3B73B3E292}.Release|Any CPU.Build.0 = Release|Any CPU
		{9A3B7551-344D-43B1-981D-C895A4AC0B52}.Debug|Any CPU.ActiveCfg = Debug|Any CPU
		{9A3B7551-344D-43B1-981D-C895A4AC0B52}.Debug|Any CPU.Build.0 = Debug|Any CPU
		{9A3B7551-344D-43B1-981D-C895A4AC0B52}.Release|Any CPU.ActiveCfg = Release|Any CPU
		{9A3B7551-344D-43B1-981D-C895A4AC0B52}.Release|Any CPU.Build.0 = Release|Any CPU
		{4C02AE7D-695A-40DC-8394-0241560A5482}.Debug|Any CPU.ActiveCfg = Debug|Any CPU
		{4C02AE7D-695A-40DC-8394-0241560A5482}.Debug|Any CPU.Build.0 = Debug|Any CPU
		{4C02AE7D-695A-40DC-8394-0241560A5482}.Debug|Any CPU.Deploy.0 = Debug|Any CPU
		{4C02AE7D-695A-40DC-8394-0241560A5482}.Release|Any CPU.ActiveCfg = Release|Any CPU
		{4C02AE7D-695A-40DC-8394-0241560A5482}.Release|Any CPU.Build.0 = Release|Any CPU
		{4C02AE7D-695A-40DC-8394-0241560A5482}.Release|Any CPU.Deploy.0 = Release|Any CPU
	EndGlobalSection
	GlobalSection(SolutionProperties) = preSolution
		HideSolutionNode = FALSE
	EndGlobalSection
	GlobalSection(NestedProjects) = preSolution
		{3B7AF828-2E99-4082-AF7F-B4309FC49BEC} = {29525861-EB55-4849-8F4F-C88A0F729893}
		{6477B383-922D-409A-8A98-43DE137F6FD4} = {29525861-EB55-4849-8F4F-C88A0F729893}
		{14A598B8-6F21-4876-BCEF-FC3B73B3E292} = {29525861-EB55-4849-8F4F-C88A0F729893}
		{9A3B7551-344D-43B1-981D-C895A4AC0B52} = {9F229DD3-259A-48D3-9FAD-C59DB7370523}
		{4C02AE7D-695A-40DC-8394-0241560A5482} = {29525861-EB55-4849-8F4F-C88A0F729893}
	EndGlobalSection
	GlobalSection(ExtensibilityGlobals) = postSolution
		SolutionGuid = {4FAA424D-918B-4B7A-A841-8EAC626A5A92}
	EndGlobalSection
EndGlobal
